
Microsoft Visual Studio Solution File, Format Version 12.00
# Visual Studio Version 17
VisualStudioVersion = 17.11.35303.130
MinimumVisualStudioVersion = 10.0.40219.1
Project("{9A19103F-16F7-4668-BE54-9A1E7A4F7556}") = "LINQRevision", "LINQRevision.csproj", "{6635D36F-7BCB-49B1-BD42-521FC496822B}"
EndProject
Global
	GlobalSection(SolutionConfigurationPlatforms) = preSolution
		Debug|Any CPU = Debug|Any CPU
		Release|Any CPU = Release|Any CPU
	EndGlobalSection
	GlobalSection(ProjectConfigurationPlatforms) = postSolution
		{6635D36F-7BCB-49B1-BD42-521FC496822B}.Debug|Any CPU.ActiveCfg = Debug|Any CPU
		{6635D36F-7BCB-49B1-BD42-521FC496822B}.Debug|Any CPU.Build.0 = Debug|Any CPU
		{6635D36F-7BCB-49B1-BD42-521FC496822B}.Release|Any CPU.ActiveCfg = Release|Any CPU
		{6635D36F-7BCB-49B1-BD42-521FC496822B}.Release|Any CPU.Build.0 = Release|Any CPU
	EndGlobalSection
	GlobalSection(SolutionProperties) = preSolution
		HideSolutionNode = FALSE
	EndGlobalSection
	GlobalSection(ExtensibilityGlobals) = postSolution
		SolutionGuid = {F9A7B99F-17B0-467E-B4CA-B11D2107F97D}
	EndGlobalSection
EndGlobal
